
Microsoft Visual Studio Solution File, Format Version 12.00
# Visual Studio Version 17
VisualStudioVersion = 17.13.35919.96 d17.13
MinimumVisualStudioVersion = 10.0.40219.1
Project("{FAE04EC0-301F-11D3-BF4B-00C04F79EFBC}") = "PharmaProject", "PharmaProject\PharmaProject.csproj", "{8EDE09DB-11BF-41BD-BA22-0C738936B233}"
EndProject
Global
	GlobalSection(SolutionConfigurationPlatforms) = preSolution
		Debug|Any CPU = Debug|Any CPU
		Release|Any CPU = Release|Any CPU
	EndGlobalSection
	GlobalSection(ProjectConfigurationPlatforms) = postSolution
		{8EDE09DB-11BF-41BD-BA22-0C738936B233}.Debug|Any CPU.ActiveCfg = Debug|Any CPU
		{8EDE09DB-11BF-41BD-BA22-0C738936B233}.Debug|Any CPU.Build.0 = Debug|Any CPU
		{8EDE09DB-11BF-41BD-BA22-0C738936B233}.Release|Any CPU.ActiveCfg = Release|Any CPU
		{8EDE09DB-11BF-41BD-BA22-0C738936B233}.Release|Any CPU.Build.0 = Release|Any CPU
	EndGlobalSection
	GlobalSection(SolutionProperties) = preSolution
		HideSolutionNode = FALSE
	EndGlobalSection
	GlobalSection(ExtensibilityGlobals) = postSolution
		SolutionGuid = {6AF932F2-BB4A-4E3B-933F-596E650FA800}
	EndGlobalSection
EndGlobal
